
Microsoft Visual Studio Solution File, Format Version 12.00
# Visual Studio Version 17
VisualStudioVersion = 17.2.32414.248
MinimumVisualStudioVersion = 10.0.40219.1
Project("{FAE04EC0-301F-11D3-BF4B-00C04F79EFBC}") = "EntryPoint", "EntryPoint\EntryPoint.csproj", "{E5285B99-96C5-4FF5-93E3-C40B482B4D9D}"
EndProject
Project("{FAE04EC0-301F-11D3-BF4B-00C04F79EFBC}") = "Orchestrator", "Orchestrator\Orchestrator.csproj", "{CA3F593C-7E96-4E64-B1EE-B80B0D090FDD}"
EndProject
Project("{FAE04EC0-301F-11D3-BF4B-00C04F79EFBC}") = "BusinessWorker", "BusinessWorker\BusinessWorker.csproj", "{78286D97-5298-469C-B1C7-AFF5886D7466}"
EndProject
Global
	GlobalSection(SolutionConfigurationPlatforms) = preSolution
		Debug|Any CPU = Debug|Any CPU
		Release|Any CPU = Release|Any CPU
	EndGlobalSection
	GlobalSection(ProjectConfigurationPlatforms) = postSolution
		{E5285B99-96C5-4FF5-93E3-C40B482B4D9D}.Debug|Any CPU.ActiveCfg = Debug|Any CPU
		{E5285B99-96C5-4FF5-93E3-C40B482B4D9D}.Debug|Any CPU.Build.0 = Debug|Any CPU
		{E5285B99-96C5-4FF5-93E3-C40B482B4D9D}.Release|Any CPU.ActiveCfg = Release|Any CPU
		{E5285B99-96C5-4FF5-93E3-C40B482B4D9D}.Release|Any CPU.Build.0 = Release|Any CPU
		{CA3F593C-7E96-4E64-B1EE-B80B0D090FDD}.Debug|Any CPU.ActiveCfg = Debug|Any CPU
		{CA3F593C-7E96-4E64-B1EE-B80B0D090FDD}.Debug|Any CPU.Build.0 = Debug|Any CPU
		{CA3F593C-7E96-4E64-B1EE-B80B0D090FDD}.Release|Any CPU.ActiveCfg = Release|Any CPU
		{CA3F593C-7E96-4E64-B1EE-B80B0D090FDD}.Release|Any CPU.Build.0 = Release|Any CPU
		{78286D97-5298-469C-B1C7-AFF5886D7466}.Debug|Any CPU.ActiveCfg = Debug|Any CPU
		{78286D97-5298-469C-B1C7-AFF5886D7466}.Debug|Any CPU.Build.0 = Debug|Any CPU
		{78286D97-5298-469C-B1C7-AFF5886D7466}.Release|Any CPU.ActiveCfg = Release|Any CPU
		{78286D97-5298-469C-B1C7-AFF5886D7466}.Release|Any CPU.Build.0 = Release|Any CPU
	EndGlobalSection
	GlobalSection(SolutionProperties) = preSolution
		HideSolutionNode = FALSE
	EndGlobalSection
	GlobalSection(ExtensibilityGlobals) = postSolution
		SolutionGuid = {B8BF0668-EB37-4AB0-AAAE-94D1E9873B22}
	EndGlobalSection
EndGlobal
